
Microsoft Visual Studio Solution File, Format Version 12.00
# Visual Studio Version 16
VisualStudioVersion = 16.0.31205.134
MinimumVisualStudioVersion = 10.0.40219.1
Project("{FAE04EC0-301F-11D3-BF4B-00C04F79EFBC}") = "Cat Quest Cheat", "Cat Quest Cheat\Cat Quest Cheat.csproj", "{9F87E987-E89F-42FE-8E82-300884B8BDFA}"
EndProject
Global
	GlobalSection(SolutionConfigurationPlatforms) = preSolution
		Debug|Any CPU = Debug|Any CPU
		Release|Any CPU = Release|Any CPU
	EndGlobalSection
	GlobalSection(ProjectConfigurationPlatforms) = postSolution
		{9F87E987-E89F-42FE-8E82-300884B8BDFA}.Debug|Any CPU.ActiveCfg = Debug|Any CPU
		{9F87E987-E89F-42FE-8E82-300884B8BDFA}.Debug|Any CPU.Build.0 = Debug|Any CPU
		{9F87E987-E89F-42FE-8E82-300884B8BDFA}.Release|Any CPU.ActiveCfg = Release|Any CPU
		{9F87E987-E89F-42FE-8E82-300884B8BDFA}.Release|Any CPU.Build.0 = Release|Any CPU
	EndGlobalSection
	GlobalSection(SolutionProperties) = preSolution
		HideSolutionNode = FALSE
	EndGlobalSection
	GlobalSection(ExtensibilityGlobals) = postSolution
		SolutionGuid = {6C937F29-5A72-4E1C-A406-7C41860C1D98}
	EndGlobalSection
EndGlobal
